
Microsoft Visual Studio Solution File, Format Version 12.00
# Visual Studio Version 17
VisualStudioVersion = 17.1.32228.430
MinimumVisualStudioVersion = 10.0.40219.1
Project("{FAE04EC0-301F-11D3-BF4B-00C04F79EFBC}") = "Task1", "Task1\Task1.csproj", "{56FD8DC4-E20B-48D4-81EE-DB214702AFA0}"
EndProject
Project("{FAE04EC0-301F-11D3-BF4B-00C04F79EFBC}") = "Task1_Test", "Task1_Test\Task1_Test.csproj", "{20B53A80-E118-4697-9777-B648841E18B8}"
EndProject
Global
	GlobalSection(SolutionConfigurationPlatforms) = preSolution
		Debug|Any CPU = Debug|Any CPU
		Release|Any CPU = Release|Any CPU
	EndGlobalSection
	GlobalSection(ProjectConfigurationPlatforms) = postSolution
		{56FD8DC4-E20B-48D4-81EE-DB214702AFA0}.Debug|Any CPU.ActiveCfg = Debug|Any CPU
		{56FD8DC4-E20B-48D4-81EE-DB214702AFA0}.Debug|Any CPU.Build.0 = Debug|Any CPU
		{56FD8DC4-E20B-48D4-81EE-DB214702AFA0}.Release|Any CPU.ActiveCfg = Release|Any CPU
		{56FD8DC4-E20B-48D4-81EE-DB214702AFA0}.Release|Any CPU.Build.0 = Release|Any CPU
		{20B53A80-E118-4697-9777-B648841E18B8}.Debug|Any CPU.ActiveCfg = Debug|Any CPU
		{20B53A80-E118-4697-9777-B648841E18B8}.Debug|Any CPU.Build.0 = Debug|Any CPU
		{20B53A80-E118-4697-9777-B648841E18B8}.Release|Any CPU.ActiveCfg = Release|Any CPU
		{20B53A80-E118-4697-9777-B648841E18B8}.Release|Any CPU.Build.0 = Release|Any CPU
	EndGlobalSection
	GlobalSection(SolutionProperties) = preSolution
		HideSolutionNode = FALSE
	EndGlobalSection
	GlobalSection(ExtensibilityGlobals) = postSolution
		SolutionGuid = {1BC79842-5B53-4AA8-9AAB-DA27C08E05F4}
	EndGlobalSection
EndGlobal
