
Microsoft Visual Studio Solution File, Format Version 12.00
# Visual Studio Version 17
VisualStudioVersion = 17.1.32210.238
MinimumVisualStudioVersion = 10.0.40219.1
Project("{FAE04EC0-301F-11D3-BF4B-00C04F79EFBC}") = "Task1_Test", "Task1_Test\Task1_Test.csproj", "{8F01DB8D-6A67-4D29-B92A-56D90A5EC122}"
EndProject
Project("{FAE04EC0-301F-11D3-BF4B-00C04F79EFBC}") = "Task_1", "Task_1\Task_1.csproj", "{7120CA98-3E63-44A0-8A91-6450F0544AF9}"
EndProject
Project("{FAE04EC0-301F-11D3-BF4B-00C04F79EFBC}") = "Task_2", "Task_2\Task_2.csproj", "{BE76A33D-958E-4908-9B55-D1413363DF50}"
EndProject
Project("{FAE04EC0-301F-11D3-BF4B-00C04F79EFBC}") = "Task2_Test", "Task2_Test\Task2_Test.csproj", "{F19A844E-E7EC-4D1F-AF88-011FAE9EC557}"
EndProject
Global
	GlobalSection(SolutionConfigurationPlatforms) = preSolution
		Debug|Any CPU = Debug|Any CPU
		Release|Any CPU = Release|Any CPU
	EndGlobalSection
	GlobalSection(ProjectConfigurationPlatforms) = postSolution
		{8F01DB8D-6A67-4D29-B92A-56D90A5EC122}.Debug|Any CPU.ActiveCfg = Debug|Any CPU
		{8F01DB8D-6A67-4D29-B92A-56D90A5EC122}.Debug|Any CPU.Build.0 = Debug|Any CPU
		{8F01DB8D-6A67-4D29-B92A-56D90A5EC122}.Release|Any CPU.ActiveCfg = Release|Any CPU
		{8F01DB8D-6A67-4D29-B92A-56D90A5EC122}.Release|Any CPU.Build.0 = Release|Any CPU
		{7120CA98-3E63-44A0-8A91-6450F0544AF9}.Debug|Any CPU.ActiveCfg = Debug|Any CPU
		{7120CA98-3E63-44A0-8A91-6450F0544AF9}.Debug|Any CPU.Build.0 = Debug|Any CPU
		{7120CA98-3E63-44A0-8A91-6450F0544AF9}.Release|Any CPU.ActiveCfg = Release|Any CPU
		{7120CA98-3E63-44A0-8A91-6450F0544AF9}.Release|Any CPU.Build.0 = Release|Any CPU
		{BE76A33D-958E-4908-9B55-D1413363DF50}.Debug|Any CPU.ActiveCfg = Debug|Any CPU
		{BE76A33D-958E-4908-9B55-D1413363DF50}.Debug|Any CPU.Build.0 = Debug|Any CPU
		{BE76A33D-958E-4908-9B55-D1413363DF50}.Release|Any CPU.ActiveCfg = Release|Any CPU
		{BE76A33D-958E-4908-9B55-D1413363DF50}.Release|Any CPU.Build.0 = Release|Any CPU
		{F19A844E-E7EC-4D1F-AF88-011FAE9EC557}.Debug|Any CPU.ActiveCfg = Debug|Any CPU
		{F19A844E-E7EC-4D1F-AF88-011FAE9EC557}.Debug|Any CPU.Build.0 = Debug|Any CPU
		{F19A844E-E7EC-4D1F-AF88-011FAE9EC557}.Release|Any CPU.ActiveCfg = Release|Any CPU
		{F19A844E-E7EC-4D1F-AF88-011FAE9EC557}.Release|Any CPU.Build.0 = Release|Any CPU
	EndGlobalSection
	GlobalSection(SolutionProperties) = preSolution
		HideSolutionNode = FALSE
	EndGlobalSection
	GlobalSection(ExtensibilityGlobals) = postSolution
		SolutionGuid = {D7AAD27C-2D6E-4880-A7BF-FBCC0D643462}
	EndGlobalSection
EndGlobal
